<?xml version="1.0" encoding="utf-8"?>
<Project ToolsVersion="4.0" xmlns="http://schemas.microsoft.com/developer/msbuild/2003">
  <ItemGroup>
    <Filter Include="Source Files">
      <UniqueIdentifier>{4FC737F1-C7A5-4376-A066-2A32D752A2FF}</UniqueIdentifier>
      <Extensions>cpp;c;cc;cxx;def;odl;idl;hpj;bat;asm;asmx</Extensions>
    </Filter>
    <Filter Include="Header Files">
      <UniqueIdentifier>{93995380-89BD-4b04-88EB-625FBE52EBFB}</UniqueIdentifier>
      <Extensions>h;hh;hpp;hxx;hm;inl;inc;ipp;xsd</Extensions>
    </Filter>
    <Filter Include="Resource Files">
      <UniqueIdentifier>{67DA6AB6-F800-4c08-8B7A-83BB121AAD01}</UniqueIdentifier>
      <Extensions>rc;ico;cur;bmp;dlg;rc2;rct;bin;rgs;gif;jpg;jpeg;jpe;resx;tiff;tif;png;wav;mfcribbon-ms</Extensions>
    </Filter>
    <Filter Include="imgui">
      <UniqueIdentifier>{f47f6f30-9ed0-4db3-b9a3-d13bf416a297}</UniqueIdentifier>
    </Filter>
    <Filter Include="imgui\implementation">
      <UniqueIdentifier>{6dfa9571-9b94-4f70-a039-284c2dfed7ea}</UniqueIdentifier>
    </Filter>
    <Filter Include="imgui\headers">
      <UniqueIdentifier>{31637341-4b35-488e-a6f5-d5dff77fc56a}</UniqueIdentifier>
    </Filter>
  </ItemGroup>
  <ItemGroup>
    <ClCompile Include="DiscordRPCPlugin.cpp">
      <Filter>Source Files</Filter>
    </ClCompile>
    <ClCompile Include="DiscordRPCPluginGUI.cpp">
      <Filter>Source Files</Filter>
    </ClCompile>
    <ClCompile Include="..\external\imgui\imguivariouscontrols.cpp">
      <Filter>imgui\implementation</Filter>
    </ClCompile>
    <ClCompile Include="..\external\imgui\imgui_widgets.cpp">
      <Filter>imgui\implementation</Filter>
    </ClCompile>
    <ClCompile Include="..\external\imgui\imgui_timeline.cpp">
      <Filter>imgui\implementation</Filter>
    </ClCompile>
    <ClCompile Include="..\external\imgui\imgui_stdlib.cpp">
      <Filter>imgui\implementation</Filter>
    </ClCompile>
    <ClCompile Include="..\external\imgui\imgui_searchablecombo.cpp">
      <Filter>imgui\implementation</Filter>
    </ClCompile>
    <ClCompile Include="..\external\imgui\imgui_rangeslider.cpp">
      <Filter>imgui\implementation</Filter>
    </ClCompile>
    <ClCompile Include="..\external\imgui\imgui_impl_win32.cpp">
      <Filter>imgui\implementation</Filter>
    </ClCompile>
    <ClCompile Include="..\external\imgui\imgui_impl_dx11.cpp">
      <Filter>imgui\implementation</Filter>
    </ClCompile>
    <ClCompile Include="..\external\imgui\imgui_draw.cpp">
      <Filter>imgui\implementation</Filter>
    </ClCompile>
    <ClCompile Include="..\external\imgui\imgui_demo.cpp">
      <Filter>imgui\implementation</Filter>
    </ClCompile>
    <ClCompile Include="..\external\imgui\imgui_additions.cpp">
      <Filter>imgui\implementation</Filter>
    </ClCompile>
    <ClCompile Include="..\external\imgui\imgui.cpp">
      <Filter>imgui\implementation</Filter>
    </ClCompile>
    <ClCompile Include="pch.cpp">
      <Filter>Source Files</Filter>
    </ClCompile>
  </ItemGroup>
  <ItemGroup>
    <ClInclude Include="DiscordRPCPlugin.h">
      <Filter>Header Files</Filter>
    </ClInclude>
    <ClInclude Include="version.h">
      <Filter>Header Files</Filter>
    </ClInclude>
    <ClInclude Include="util.h">
      <Filter>Header Files</Filter>
    </ClInclude>
    <ClInclude Include="..\external\imgui\imstb_truetype.h">
      <Filter>imgui\headers</Filter>
    </ClInclude>
    <ClInclude Include="..\external\imgui\imstb_textedit.h">
      <Filter>imgui\headers</Filter>
    </ClInclude>
    <ClInclude Include="..\external\imgui\imstb_rectpack.h">
      <Filter>imgui\headers</Filter>
    </ClInclude>
    <ClInclude Include="..\external\imgui\imguivariouscontrols.h">
      <Filter>imgui\headers</Filter>
    </ClInclude>
    <ClInclude Include="..\external\imgui\imgui_timeline.h">
      <Filter>imgui\headers</Filter>
    </ClInclude>
    <ClInclude Include="..\external\imgui\imgui_stdlib.h">
      <Filter>imgui\headers</Filter>
    </ClInclude>
    <ClInclude Include="..\external\imgui\imgui_searchablecombo.h">
      <Filter>imgui\headers</Filter>
    </ClInclude>
    <ClInclude Include="..\external\imgui\imgui_rangeslider.h">
      <Filter>imgui\headers</Filter>
    </ClInclude>
    <ClInclude Include="..\external\imgui\imgui_internal.h">
      <Filter>imgui\headers</Filter>
    </ClInclude>
    <ClInclude Include="..\external\imgui\imgui_impl_win32.h">
      <Filter>imgui\headers</Filter>
    </ClInclude>
    <ClInclude Include="..\external\imgui\imgui_impl_dx11.h">
      <Filter>imgui\headers</Filter>
    </ClInclude>
    <ClInclude Include="..\external\imgui\imgui_additions.h">
      <Filter>imgui\headers</Filter>
    </ClInclude>
    <ClInclude Include="..\external\imgui\imgui.h">
      <Filter>imgui\headers</Filter>
    </ClInclude>
    <ClInclude Include="..\external\imgui\imconfig.h">
      <Filter>imgui\headers</Filter>
    </ClInclude>
    <ClInclude Include="pch.h">
      <Filter>Header Files</Filter>
    </ClInclude>
  </ItemGroup>
</Project>